
Microsoft Visual Studio Solution File, Format Version 12.00
# Visual Studio Version 16
VisualStudioVersion = 16.0.31410.357
MinimumVisualStudioVersion = 10.0.40219.1
Project("{FAE04EC0-301F-11D3-BF4B-00C04F79EFBC}") = "AmazonCreateTemplateFile", "AmazonCreateTemplateFile\AmazonCreateTemplateFile.csproj", "{21C328D8-0A12-41CC-8B77-29DF6AE1E269}"
EndProject
Project("{FAE04EC0-301F-11D3-BF4B-00C04F79EFBC}") = "CreateTemplateFile", "CreateTemplateFile\CreateTemplateFile.csproj", "{9C881C5A-BE4C-42C5-9654-1D73A04726B2}"
EndProject
Global
	GlobalSection(SolutionConfigurationPlatforms) = preSolution
		Debug|Any CPU = Debug|Any CPU
		Release|Any CPU = Release|Any CPU
	EndGlobalSection
	GlobalSection(ProjectConfigurationPlatforms) = postSolution
		{21C328D8-0A12-41CC-8B77-29DF6AE1E269}.Debug|Any CPU.ActiveCfg = Debug|Any CPU
		{21C328D8-0A12-41CC-8B77-29DF6AE1E269}.Debug|Any CPU.Build.0 = Debug|Any CPU
		{21C328D8-0A12-41CC-8B77-29DF6AE1E269}.Release|Any CPU.ActiveCfg = Release|Any CPU
		{21C328D8-0A12-41CC-8B77-29DF6AE1E269}.Release|Any CPU.Build.0 = Release|Any CPU
		{9C881C5A-BE4C-42C5-9654-1D73A04726B2}.Debug|Any CPU.ActiveCfg = Debug|Any CPU
		{9C881C5A-BE4C-42C5-9654-1D73A04726B2}.Debug|Any CPU.Build.0 = Debug|Any CPU
		{9C881C5A-BE4C-42C5-9654-1D73A04726B2}.Release|Any CPU.ActiveCfg = Release|Any CPU
		{9C881C5A-BE4C-42C5-9654-1D73A04726B2}.Release|Any CPU.Build.0 = Release|Any CPU
	EndGlobalSection
	GlobalSection(SolutionProperties) = preSolution
		HideSolutionNode = FALSE
	EndGlobalSection
	GlobalSection(ExtensibilityGlobals) = postSolution
		SolutionGuid = {9CF05988-C226-44FC-ABD6-D5981E9A3AE7}
	EndGlobalSection
EndGlobal
